
Microsoft Visual Studio Solution File, Format Version 12.00
# Visual Studio Version 17
VisualStudioVersion = 17.2.32526.322
MinimumVisualStudioVersion = 10.0.40219.1
Project("{FAE04EC0-301F-11D3-BF4B-00C04F79EFBC}") = "BlazorAuthDemo.Server", "Server\BlazorAuthDemo.Server.csproj", "{05BA0121-B14D-43A4-ABA2-70F01D30A184}"
EndProject
Project("{FAE04EC0-301F-11D3-BF4B-00C04F79EFBC}") = "BlazorAuthDemo.Client", "Client\BlazorAuthDemo.Client.csproj", "{2D235C3F-18AC-4B44-BE0B-2707B52051CE}"
EndProject
Project("{FAE04EC0-301F-11D3-BF4B-00C04F79EFBC}") = "BlazorAuthDemo.Shared", "Shared\BlazorAuthDemo.Shared.csproj", "{AFE59FCD-3FB5-42DD-B951-224602313EF4}"
EndProject
Global
	GlobalSection(SolutionConfigurationPlatforms) = preSolution
		Debug|Any CPU = Debug|Any CPU
		Release|Any CPU = Release|Any CPU
	EndGlobalSection
	GlobalSection(ProjectConfigurationPlatforms) = postSolution
		{05BA0121-B14D-43A4-ABA2-70F01D30A184}.Debug|Any CPU.ActiveCfg = Debug|Any CPU
		{05BA0121-B14D-43A4-ABA2-70F01D30A184}.Debug|Any CPU.Build.0 = Debug|Any CPU
		{05BA0121-B14D-43A4-ABA2-70F01D30A184}.Release|Any CPU.ActiveCfg = Release|Any CPU
		{05BA0121-B14D-43A4-ABA2-70F01D30A184}.Release|Any CPU.Build.0 = Release|Any CPU
		{2D235C3F-18AC-4B44-BE0B-2707B52051CE}.Debug|Any CPU.ActiveCfg = Debug|Any CPU
		{2D235C3F-18AC-4B44-BE0B-2707B52051CE}.Debug|Any CPU.Build.0 = Debug|Any CPU
		{2D235C3F-18AC-4B44-BE0B-2707B52051CE}.Release|Any CPU.ActiveCfg = Release|Any CPU
		{2D235C3F-18AC-4B44-BE0B-2707B52051CE}.Release|Any CPU.Build.0 = Release|Any CPU
		{AFE59FCD-3FB5-42DD-B951-224602313EF4}.Debug|Any CPU.ActiveCfg = Debug|Any CPU
		{AFE59FCD-3FB5-42DD-B951-224602313EF4}.Debug|Any CPU.Build.0 = Debug|Any CPU
		{AFE59FCD-3FB5-42DD-B951-224602313EF4}.Release|Any CPU.ActiveCfg = Release|Any CPU
		{AFE59FCD-3FB5-42DD-B951-224602313EF4}.Release|Any CPU.Build.0 = Release|Any CPU
	EndGlobalSection
	GlobalSection(SolutionProperties) = preSolution
		HideSolutionNode = FALSE
	EndGlobalSection
	GlobalSection(ExtensibilityGlobals) = postSolution
		SolutionGuid = {022533C3-7570-49E2-8E02-F6E2E844F541}
	EndGlobalSection
EndGlobal
